// !$*UTF8*$!
{
	archiveVersion = 1;
	classes = {
	};
	objectVersion = 55;
	objects = {

/* Begin PBXBuildFile section */
		BAC59C5527DEE6E60072DC89 /* WeatherClient.swift in Sources */ = {isa = PBXBuildFile; fileRef = BAC59C5427DEE6E60072DC89 /* WeatherClient.swift */; };
		BAD072F727DD6DB3007D8AEC /* ComposableWeatherApp.swift in Sources */ = {isa = PBXBuildFile; fileRef = BAD072F627DD6DB3007D8AEC /* ComposableWeatherApp.swift */; };
		BAD072F927DD6DB3007D8AEC /* ContentView.swift in Sources */ = {isa = PBXBuildFile; fileRef = BAD072F827DD6DB3007D8AEC /* ContentView.swift */; };
		BAD072FB27DD6DB5007D8AEC /* Assets.xcassets in Resources */ = {isa = PBXBuildFile; fileRef = BAD072FA27DD6DB5007D8AEC /* Assets.xcassets */; };
		BAD072FE27DD6DB5007D8AEC /* Preview Assets.xcassets in Resources */ = {isa = PBXBuildFile; fileRef = BAD072FD27DD6DB5007D8AEC /* Preview Assets.xcassets */; };
		BAD0730827DD6DB5007D8AEC /* ComposableWeatherTests.swift in Sources */ = {isa = PBXBuildFile; fileRef = BAD0730727DD6DB5007D8AEC /* ComposableWeatherTests.swift */; };
		BAD0731227DD6DB5007D8AEC /* ComposableWeatherUITests.swift in Sources */ = {isa = PBXBuildFile; fileRef = BAD0731127DD6DB5007D8AEC /* ComposableWeatherUITests.swift */; };
		BAD0731427DD6DB5007D8AEC /* ComposableWeatherUITestsLaunchTests.swift in Sources */ = {isa = PBXBuildFile; fileRef = BAD0731327DD6DB5007D8AEC /* ComposableWeatherUITestsLaunchTests.swift */; };
		BAD0732227DD6E2B007D8AEC /* ComposableArchitecture in Frameworks */ = {isa = PBXBuildFile; productRef = BAD0732127DD6E2B007D8AEC /* ComposableArchitecture */; };
/* End PBXBuildFile section */

/* Begin PBXContainerItemProxy section */
		BAD0730427DD6DB5007D8AEC /* PBXContainerItemProxy */ = {
			isa = PBXContainerItemProxy;
			containerPortal = BAD072EB27DD6DB3007D8AEC /* Project object */;
			proxyType = 1;
			remoteGlobalIDString = BAD072F227DD6DB3007D8AEC;
			remoteInfo = ComposableWeather;
		};
		BAD0730E27DD6DB5007D8AEC /* PBXContainerItemProxy */ = {
			isa = PBXContainerItemProxy;
			containerPortal = BAD072EB27DD6DB3007D8AEC /* Project object */;
			proxyType = 1;
			remoteGlobalIDString = BAD072F227DD6DB3007D8AEC;
			remoteInfo = ComposableWeather;
		};
/* End PBXContainerItemProxy section */

/* Begin PBXCopyFilesBuildPhase section */
		BA0364CB27F010BE004A6BC6 /* Embed Frameworks */ = {
			isa = PBXCopyFilesBuildPhase;
			buildActionMask = 2147483647;
			dstPath = "";
			dstSubfolderSpec = 10;
			files = (
			);
			name = "Embed Frameworks";
			runOnlyForDeploymentPostprocessing = 0;
		};
/* End PBXCopyFilesBuildPhase section */

/* Begin PBXFileReference section */
		BAC59C5427DEE6E60072DC89 /* WeatherClient.swift */ = {isa = PBXFileReference; lastKnownFileType = sourcecode.swift; path = WeatherClient.swift; sourceTree = "<group>"; };
		BAD072F327DD6DB3007D8AEC /* ComposableWeather.app */ = {isa = PBXFileReference; explicitFileType = wrapper.application; includeInIndex = 0; path = ComposableWeather.app; sourceTree = BUILT_PRODUCTS_DIR; };
		BAD072F627DD6DB3007D8AEC /* ComposableWeatherApp.swift */ = {isa = PBXFileReference; lastKnownFileType = sourcecode.swift; path = ComposableWeatherApp.swift; sourceTree = "<group>"; };
		BAD072F827DD6DB3007D8AEC /* ContentView.swift */ = {isa = PBXFileReference; lastKnownFileType = sourcecode.swift; path = ContentView.swift; sourceTree = "<group>"; };
		BAD072FA27DD6DB5007D8AEC /* Assets.xcassets */ = {isa = PBXFileReference; lastKnownFileType = folder.assetcatalog; path = Assets.xcassets; sourceTree = "<group>"; };
		BAD072FD27DD6DB5007D8AEC /* Preview Assets.xcassets */ = {isa = PBXFileReference; lastKnownFileType = folder.assetcatalog; path = "Preview Assets.xcassets"; sourceTree = "<group>"; };
		BAD0730327DD6DB5007D8AEC /* ComposableWeatherTests.xctest */ = {isa = PBXFileReference; explicitFileType = wrapper.cfbundle; includeInIndex = 0; path = ComposableWeatherTests.xctest; sourceTree = BUILT_PRODUCTS_DIR; };
		BAD0730727DD6DB5007D8AEC /* ComposableWeatherTests.swift */ = {isa = PBXFileReference; lastKnownFileType = sourcecode.swift; path = ComposableWeatherTests.swift; sourceTree = "<group>"; };
		BAD0730D27DD6DB5007D8AEC /* ComposableWeatherUITests.xctest */ = {isa = PBXFileReference; explicitFileType = wrapper.cfbundle; includeInIndex = 0; path = ComposableWeatherUITests.xctest; sourceTree = BUILT_PRODUCTS_DIR; };
		BAD0731127DD6DB5007D8AEC /* ComposableWeatherUITests.swift */ = {isa = PBXFileReference; lastKnownFileType = sourcecode.swift; path = ComposableWeatherUITests.swift; sourceTree = "<group>"; };
		BAD0731327DD6DB5007D8AEC /* ComposableWeatherUITestsLaunchTests.swift */ = {isa = PBXFileReference; lastKnownFileType = sourcecode.swift; path = ComposableWeatherUITestsLaunchTests.swift; sourceTree = "<group>"; };
/* End PBXFileReference section */

/* Begin PBXFrameworksBuildPhase section */
		BAD072F027DD6DB3007D8AEC /* Frameworks */ = {
			isa = PBXFrameworksBuildPhase;
			buildActionMask = 2147483647;
			files = (
				BAD0732227DD6E2B007D8AEC /* ComposableArchitecture in Frameworks */,
			);
			runOnlyForDeploymentPostprocessing = 0;
		};
		BAD0730027DD6DB5007D8AEC /* Frameworks */ = {
			isa = PBXFrameworksBuildPhase;
			buildActionMask = 2147483647;
			files = (
			);
			runOnlyForDeploymentPostprocessing = 0;
		};
		BAD0730A27DD6DB5007D8AEC /* Frameworks */ = {
			isa = PBXFrameworksBuildPhase;
			buildActionMask = 2147483647;
			files = (
			);
			runOnlyForDeploymentPostprocessing = 0;
		};
/* End PBXFrameworksBuildPhase section */

/* Begin PBXGroup section */
		BAD072EA27DD6DB3007D8AEC = {
			isa = PBXGroup;
			children = (
				BAD072F527DD6DB3007D8AEC /* ComposableWeather */,
				BAD0730627DD6DB5007D8AEC /* ComposableWeatherTests */,
				BAD0731027DD6DB5007D8AEC /* ComposableWeatherUITests */,
				BAD072F427DD6DB3007D8AEC /* Products */,
			);
			sourceTree = "<group>";
		};
		BAD072F427DD6DB3007D8AEC /* Products */ = {
			isa = PBXGroup;
			children = (
				BAD072F327DD6DB3007D8AEC /* ComposableWeather.app */,
				BAD0730327DD6DB5007D8AEC /* ComposableWeatherTests.xctest */,
				BAD0730D27DD6DB5007D8AEC /* ComposableWeatherUITests.xctest */,
			);
			name = Products;
			sourceTree = "<group>";
		};
		BAD072F527DD6DB3007D8AEC /* ComposableWeather */ = {
			isa = PBXGroup;
			children = (
				BAD072F627DD6DB3007D8AEC /* ComposableWeatherApp.swift */,
				BAD072F827DD6DB3007D8AEC /* ContentView.swift */,
				BAD072FA27DD6DB5007D8AEC /* Assets.xcassets */,
				BAD072FC27DD6DB5007D8AEC /* Preview Content */,
				BAC59C5427DEE6E60072DC89 /* WeatherClient.swift */,
			);
			path = ComposableWeather;
			sourceTree = "<group>";
		};
		BAD072FC27DD6DB5007D8AEC /* Preview Content */ = {
			isa = PBXGroup;
			children = (
				BAD072FD27DD6DB5007D8AEC /* Preview Assets.xcassets */,
			);
			path = "Preview Content";
			sourceTree = "<group>";
		};
		BAD0730627DD6DB5007D8AEC /* ComposableWeatherTests */ = {
			isa = PBXGroup;
			children = (
				BAD0730727DD6DB5007D8AEC /* ComposableWeatherTests.swift */,
			);
			path = ComposableWeatherTests;
			sourceTree = "<group>";
		};
		BAD0731027DD6DB5007D8AEC /* ComposableWeatherUITests */ = {
			isa = PBXGroup;
			children = (
				BAD0731127DD6DB5007D8AEC /* ComposableWeatherUITests.swift */,
				BAD0731327DD6DB5007D8AEC /* ComposableWeatherUITestsLaunchTests.swift */,
			);
			path = ComposableWeatherUITests;
			sourceTree = "<group>";
		};
/* End PBXGroup section */

/* Begin PBXNativeTarget section */
		BAD072F227DD6DB3007D8AEC /* ComposableWeather */ = {
			isa = PBXNativeTarget;
			buildConfigurationList = BAD0731727DD6DB5007D8AEC /* Build configuration list for PBXNativeTarget "ComposableWeather" */;
			buildPhases = (
				BAD072EF27DD6DB3007D8AEC /* Sources */,
				BAD072F027DD6DB3007D8AEC /* Frameworks */,
				BAD072F127DD6DB3007D8AEC /* Resources */,
				BA0364CB27F010BE004A6BC6 /* Embed Frameworks */,
			);
			buildRules = (
			);
			dependencies = (
			);
			name = ComposableWeather;
			packageProductDependencies = (
				BAD0732127DD6E2B007D8AEC /* ComposableArchitecture */,
			);
			productName = ComposableWeather;
			productReference = BAD072F327DD6DB3007D8AEC /* ComposableWeather.app */;
			productType = "com.apple.product-type.application";
		};
		BAD0730227DD6DB5007D8AEC /* ComposableWeatherTests */ = {
			isa = PBXNativeTarget;
			buildConfigurationList = BAD0731A27DD6DB5007D8AEC /* Build configuration list for PBXNativeTarget "ComposableWeatherTests" */;
			buildPhases = (
				BAD072FF27DD6DB5007D8AEC /* Sources */,
				BAD0730027DD6DB5007D8AEC /* Frameworks */,
				BAD0730127DD6DB5007D8AEC /* Resources */,
			);
			buildRules = (
			);
			dependencies = (
				BAD0730527DD6DB5007D8AEC /* PBXTargetDependency */,
			);
			name = ComposableWeatherTests;
			productName = ComposableWeatherTests;
			productReference = BAD0730327DD6DB5007D8AEC /* ComposableWeatherTests.xctest */;
			productType = "com.apple.product-type.bundle.unit-test";
		};
		BAD0730C27DD6DB5007D8AEC /* ComposableWeatherUITests */ = {
			isa = PBXNativeTarget;
			buildConfigurationList = BAD0731D27DD6DB5007D8AEC /* Build configuration list for PBXNativeTarget "ComposableWeatherUITests" */;
			buildPhases = (
				BAD0730927DD6DB5007D8AEC /* Sources */,
				BAD0730A27DD6DB5007D8AEC /* Frameworks */,
				BAD0730B27DD6DB5007D8AEC /* Resources */,
			);
			buildRules = (
			);
			dependencies = (
				BAD0730F27DD6DB5007D8AEC /* PBXTargetDependency */,
			);
			name = ComposableWeatherUITests;
			productName = ComposableWeatherUITests;
			productReference = BAD0730D27DD6DB5007D8AEC /* ComposableWeatherUITests.xctest */;
			productType = "com.apple.product-type.bundle.ui-testing";
		};
/* End PBXNativeTarget section */

/* Begin PBXProject section */
		BAD072EB27DD6DB3007D8AEC /* Project object */ = {
			isa = PBXProject;
			attributes = {
				BuildIndependentTargetsInParallel = 1;
				LastSwiftUpdateCheck = 1320;
				LastUpgradeCheck = 1320;
				TargetAttributes = {
					BAD072F227DD6DB3007D8AEC = {
						CreatedOnToolsVersion = 13.2.1;
					};
					BAD0730227DD6DB5007D8AEC = {
						CreatedOnToolsVersion = 13.2.1;
						TestTargetID = BAD072F227DD6DB3007D8AEC;
					};
					BAD0730C27DD6DB5007D8AEC = {
						CreatedOnToolsVersion = 13.2.1;
						TestTargetID = BAD072F227DD6DB3007D8AEC;
					};
				};
			};
			buildConfigurationList = BAD072EE27DD6DB3007D8AEC /* Build configuration list for PBXProject "ComposableWeather" */;
			compatibilityVersion = "Xcode 13.0";
			developmentRegion = en;
			hasScannedForEncodings = 0;
			knownRegions = (
				en,
				Base,
			);
			mainGroup = BAD072EA27DD6DB3007D8AEC;
			packageReferences = (
				BAD0732027DD6E2B007D8AEC /* XCRemoteSwiftPackageReference "swift-composable-architecture" */,
			);
			productRefGroup = BAD072F427DD6DB3007D8AEC /* Products */;
			projectDirPath = "";
			projectRoot = "";
			targets = (
				BAD072F227DD6DB3007D8AEC /* ComposableWeather */,
				BAD0730227DD6DB5007D8AEC /* ComposableWeatherTests */,
				BAD0730C27DD6DB5007D8AEC /* ComposableWeatherUITests */,
			);
		};
/* End PBXProject section */

/* Begin PBXResourcesBuildPhase section */
		BAD072F127DD6DB3007D8AEC /* Resources */ = {
			isa = PBXResourcesBuildPhase;
			buildActionMask = 2147483647;
			files = (
				BAD072FE27DD6DB5007D8AEC /* Preview Assets.xcassets in Resources */,
				BAD072FB27DD6DB5007D8AEC /* Assets.xcassets in Resources */,
			);
			runOnlyForDeploymentPostprocessing = 0;
		};
		BAD0730127DD6DB5007D8AEC /* Resources */ = {
			isa = PBXResourcesBuildPhase;
			buildActionMask = 2147483647;
			files = (
			);
			runOnlyForDeploymentPostprocessing = 0;
		};
		BAD0730B27DD6DB5007D8AEC /* Resources */ = {
			isa = PBXResourcesBuildPhase;
			buildActionMask = 2147483647;
			files = (
			);
			runOnlyForDeploymentPostprocessing = 0;
		};
/* End PBXResourcesBuildPhase section */

/* Begin PBXSourcesBuildPhase section */
		BAD072EF27DD6DB3007D8AEC /* Sources */ = {
			isa = PBXSourcesBuildPhase;
			buildActionMask = 2147483647;
			files = (
				BAD072F927DD6DB3007D8AEC /* ContentView.swift in Sources */,
				BAD072F727DD6DB3007D8AEC /* ComposableWeatherApp.swift in Sources */,
				BAC59C5527DEE6E60072DC89 /* WeatherClient.swift in Sources */,
			);
			runOnlyForDeploymentPostprocessing = 0;
		};
		BAD072FF27DD6DB5007D8AEC /* Sources */ = {
			isa = PBXSourcesBuildPhase;
			buildActionMask = 2147483647;
			files = (
				BAD0730827DD6DB5007D8AEC /* ComposableWeatherTests.swift in Sources */,
			);
			runOnlyForDeploymentPostprocessing = 0;
		};
		BAD0730927DD6DB5007D8AEC /* Sources */ = {
			isa = PBXSourcesBuildPhase;
			buildActionMask = 2147483647;
			files = (
				BAD0731427DD6DB5007D8AEC /* ComposableWeatherUITestsLaunchTests.swift in Sources */,
				BAD0731227DD6DB5007D8AEC /* ComposableWeatherUITests.swift in Sources */,
			);
			runOnlyForDeploymentPostprocessing = 0;
		};
/* End PBXSourcesBuildPhase section */

/* Begin PBXTargetDependency section */
		BAD0730527DD6DB5007D8AEC /* PBXTargetDependency */ = {
			isa = PBXTargetDependency;
			target = BAD072F227DD6DB3007D8AEC /* ComposableWeather */;
			targetProxy = BAD0730427DD6DB5007D8AEC /* PBXContainerItemProxy */;
		};
		BAD0730F27DD6DB5007D8AEC /* PBXTargetDependency */ = {
			isa = PBXTargetDependency;
			target = BAD072F227DD6DB3007D8AEC /* ComposableWeather */;
			targetProxy = BAD0730E27DD6DB5007D8AEC /* PBXContainerItemProxy */;
		};
/* End PBXTargetDependency section */

/* Begin XCBuildConfiguration section */
		BAD0731527DD6DB5007D8AEC /* Debug */ = {
			isa = XCBuildConfiguration;
			buildSettings = {
				ALWAYS_SEARCH_USER_PATHS = NO;
				CLANG_ANALYZER_NONNULL = YES;
				CLANG_ANALYZER_NUMBER_OBJECT_CONVERSION = YES_AGGRESSIVE;
				CLANG_CXX_LANGUAGE_STANDARD = "gnu++17";
				CLANG_CXX_LIBRARY = "libc++";
				CLANG_ENABLE_MODULES = YES;
				CLANG_ENABLE_OBJC_ARC = YES;
				CLANG_ENABLE_OBJC_WEAK = YES;
				CLANG_WARN_BLOCK_CAPTURE_AUTORELEASING = YES;
				CLANG_WARN_BOOL_CONVERSION = YES;
				CLANG_WARN_COMMA = YES;
				CLANG_WARN_CONSTANT_CONVERSION = YES;
				CLANG_WARN_DEPRECATED_OBJC_IMPLEMENTATIONS = YES;
				CLANG_WARN_DIRECT_OBJC_ISA_USAGE = YES_ERROR;
				CLANG_WARN_DOCUMENTATION_COMMENTS = YES;
				CLANG_WARN_EMPTY_BODY = YES;
				CLANG_WARN_ENUM_CONVERSION = YES;
				CLANG_WARN_INFINITE_RECURSION = YES;
				CLANG_WARN_INT_CONVERSION = YES;
				CLANG_WARN_NON_LITERAL_NULL_CONVERSION = YES;
				CLANG_WARN_OBJC_IMPLICIT_RETAIN_SELF = YES;
				CLANG_WARN_OBJC_LITERAL_CONVERSION = YES;
				CLANG_WARN_OBJC_ROOT_CLASS = YES_ERROR;
				CLANG_WARN_QUOTED_INCLUDE_IN_FRAMEWORK_HEADER = YES;
				CLANG_WARN_RANGE_LOOP_ANALYSIS = YES;
				CLANG_WARN_STRICT_PROTOTYPES = YES;
				CLANG_WARN_SUSPICIOUS_MOVE = YES;
				CLANG_WARN_UNGUARDED_AVAILABILITY = YES_AGGRESSIVE;
				CLANG_WARN_UNREACHABLE_CODE = YES;
				CLANG_WARN__DUPLICATE_METHOD_MATCH = YES;
				COPY_PHASE_STRIP = NO;
				DEBUG_INFORMATION_FORMAT = dwarf;
				ENABLE_STRICT_OBJC_MSGSEND = YES;
				ENABLE_TESTABILITY = YES;
				GCC_C_LANGUAGE_STANDARD = gnu11;
				GCC_DYNAMIC_NO_PIC = NO;
				GCC_NO_COMMON_BLOCKS = YES;
				GCC_OPTIMIZATION_LEVEL = 0;
				GCC_PREPROCESSOR_DEFINITIONS = (
					"DEBUG=1",
					"$(inherited)",
				);
				GCC_WARN_64_TO_32_BIT_CONVERSION = YES;
				GCC_WARN_ABOUT_RETURN_TYPE = YES_ERROR;
				GCC_WARN_UNDECLARED_SELECTOR = YES;
				GCC_WARN_UNINITIALIZED_AUTOS = YES_AGGRESSIVE;
				GCC_WARN_UNUSED_FUNCTION = YES;
				GCC_WARN_UNUSED_VARIABLE = YES;
				IPHONEOS_DEPLOYMENT_TARGET = 15.2;
				MTL_ENABLE_DEBUG_INFO = INCLUDE_SOURCE;
				MTL_FAST_MATH = YES;
				ONLY_ACTIVE_ARCH = YES;
				SDKROOT = iphoneos;
				SWIFT_ACTIVE_COMPILATION_CONDITIONS = DEBUG;
				SWIFT_OPTIMIZATION_LEVEL = "-Onone";
			};
			name = Debug;
		};
		BAD0731627DD6DB5007D8AEC /* Release */ = {
			isa = XCBuildConfiguration;
			buildSettings = {
				ALWAYS_SEARCH_USER_PATHS = NO;
				CLANG_ANALYZER_NONNULL = YES;
				CLANG_ANALYZER_NUMBER_OBJECT_CONVERSION = YES_AGGRESSIVE;
				CLANG_CXX_LANGUAGE_STANDARD = "gnu++17";
				CLANG_CXX_LIBRARY = "libc++";
				CLANG_ENABLE_MODULES = YES;
				CLANG_ENABLE_OBJC_ARC = YES;
				CLANG_ENABLE_OBJC_WEAK = YES;
				CLANG_WARN_BLOCK_CAPTURE_AUTORELEASING = YES;
				CLANG_WARN_BOOL_CONVERSION = YES;
				CLANG_WARN_COMMA = YES;
				CLANG_WARN_CONSTANT_CONVERSION = YES;
				CLANG_WARN_DEPRECATED_OBJC_IMPLEMENTATIONS = YES;
				CLANG_WARN_DIRECT_OBJC_ISA_USAGE = YES_ERROR;
				CLANG_WARN_DOCUMENTATION_COMMENTS = YES;
				CLANG_WARN_EMPTY_BODY = YES;
				CLANG_WARN_ENUM_CONVERSION = YES;
				CLANG_WARN_INFINITE_RECURSION = YES;
				CLANG_WARN_INT_CONVERSION = YES;
				CLANG_WARN_NON_LITERAL_NULL_CONVERSION = YES;
				CLANG_WARN_OBJC_IMPLICIT_RETAIN_SELF = YES;
				CLANG_WARN_OBJC_LITERAL_CONVERSION = YES;
				CLANG_WARN_OBJC_ROOT_CLASS = YES_ERROR;
				CLANG_WARN_QUOTED_INCLUDE_IN_FRAMEWORK_HEADER = YES;
				CLANG_WARN_RANGE_LOOP_ANALYSIS = YES;
				CLANG_WARN_STRICT_PROTOTYPES = YES;
				CLANG_WARN_SUSPICIOUS_MOVE = YES;
				CLANG_WARN_UNGUARDED_AVAILABILITY = YES_AGGRESSIVE;
				CLANG_WARN_UNREACHABLE_CODE = YES;
				CLANG_WARN__DUPLICATE_METHOD_MATCH = YES;
				COPY_PHASE_STRIP = NO;
				DEBUG_INFORMATION_FORMAT = "dwarf-with-dsym";
				ENABLE_NS_ASSERTIONS = NO;
				ENABLE_STRICT_OBJC_MSGSEND = YES;
				GCC_C_LANGUAGE_STANDARD = gnu11;
				GCC_NO_COMMON_BLOCKS = YES;
				GCC_WARN_64_TO_32_BIT_CONVERSION = YES;
				GCC_WARN_ABOUT_RETURN_TYPE = YES_ERROR;
				GCC_WARN_UNDECLARED_SELECTOR = YES;
				GCC_WARN_UNINITIALIZED_AUTOS = YES_AGGRESSIVE;
				GCC_WARN_UNUSED_FUNCTION = YES;
				GCC_WARN_UNUSED_VARIABLE = YES;
				IPHONEOS_DEPLOYMENT_TARGET = 15.2;
				MTL_ENABLE_DEBUG_INFO = NO;
				MTL_FAST_MATH = YES;
				SDKROOT = iphoneos;
				SWIFT_COMPILATION_MODE = wholemodule;
				SWIFT_OPTIMIZATION_LEVEL = "-O";
				VALIDATE_PRODUCT = YES;
			};
			name = Release;
		};
		BAD0731827DD6DB5007D8AEC /* Debug */ = {
			isa = XCBuildConfiguration;
			buildSettings = {
				ALWAYS_EMBED_SWIFT_STANDARD_LIBRARIES = YES;
				ASSETCATALOG_COMPILER_APPICON_NAME = AppIcon;
				ASSETCATALOG_COMPILER_GLOBAL_ACCENT_COLOR_NAME = AccentColor;
				CODE_SIGN_STYLE = Automatic;
				CURRENT_PROJECT_VERSION = 1;
				DEVELOPMENT_ASSET_PATHS = "\"ComposableWeather/Preview Content\"";
				DEVELOPMENT_TEAM = W7VQ2PD274;
				ENABLE_PREVIEWS = YES;
				GENERATE_INFOPLIST_FILE = YES;
				INFOPLIST_KEY_UIApplicationSceneManifest_Generation = YES;
				INFOPLIST_KEY_UIApplicationSupportsIndirectInputEvents = YES;
				INFOPLIST_KEY_UILaunchScreen_Generation = YES;
				INFOPLIST_KEY_UISupportedInterfaceOrientations_iPad = "UIInterfaceOrientationPortrait UIInterfaceOrientationPortraitUpsideDown UIInterfaceOrientationLandscapeLeft UIInterfaceOrientationLandscapeRight";
				INFOPLIST_KEY_UISupportedInterfaceOrientations_iPhone = "UIInterfaceOrientationPortrait UIInterfaceOrientationLandscapeLeft UIInterfaceOrientationLandscapeRight";
				LD_RUNPATH_SEARCH_PATHS = (
					"$(inherited)",
					"@executable_path/Frameworks",
				);
				MARKETING_VERSION = 1.0;
				PRODUCT_BUNDLE_IDENTIFIER = Lopez.ComposableWeather;
				PRODUCT_NAME = "$(TARGET_NAME)";
				SWIFT_EMIT_LOC_STRINGS = YES;
				SWIFT_VERSION = 5.0;
				TARGETED_DEVICE_FAMILY = "1,2";
			};
			name = Debug;
		};
		BAD0731927DD6DB5007D8AEC /* Release */ = {
			isa = XCBuildConfiguration;
			buildSettings = {
				ALWAYS_EMBED_SWIFT_STANDARD_LIBRARIES = YES;
				ASSETCATALOG_COMPILER_APPICON_NAME = AppIcon;
				ASSETCATALOG_COMPILER_GLOBAL_ACCENT_COLOR_NAME = AccentColor;
				CODE_SIGN_STYLE = Automatic;
				CURRENT_PROJECT_VERSION = 1;
				DEVELOPMENT_ASSET_PATHS = "\"ComposableWeather/Preview Content\"";
				DEVELOPMENT_TEAM = W7VQ2PD274;
				ENABLE_PREVIEWS = YES;
				GENERATE_INFOPLIST_FILE = YES;
				INFOPLIST_KEY_UIApplicationSceneManifest_Generation = YES;
				INFOPLIST_KEY_UIApplicationSupportsIndirectInputEvents = YES;
				INFOPLIST_KEY_UILaunchScreen_Generation = YES;
				INFOPLIST_KEY_UISupportedInterfaceOrientations_iPad = "UIInterfaceOrientationPortrait UIInterfaceOrientationPortraitUpsideDown UIInterfaceOrientationLandscapeLeft UIInterfaceOrientationLandscapeRight";
				INFOPLIST_KEY_UISupportedInterfaceOrientations_iPhone = "UIInterfaceOrientationPortrait UIInterfaceOrientationLandscapeLeft UIInterfaceOrientationLandscapeRight";
				LD_RUNPATH_SEARCH_PATHS = (
					"$(inherited)",
					"@executable_path/Frameworks",
				);
				MARKETING_VERSION = 1.0;
				PRODUCT_BUNDLE_IDENTIFIER = Lopez.ComposableWeather;
				PRODUCT_NAME = "$(TARGET_NAME)";
				SWIFT_EMIT_LOC_STRINGS = YES;
				SWIFT_VERSION = 5.0;
				TARGETED_DEVICE_FAMILY = "1,2";
			};
			name = Release;
		};
		BAD0731B27DD6DB5007D8AEC /* Debug */ = {
			isa = XCBuildConfiguration;
			buildSettings = {
				ALWAYS_EMBED_SWIFT_STANDARD_LIBRARIES = YES;
				BUNDLE_LOADER = "$(TEST_HOST)";
				CODE_SIGN_STYLE = Automatic;
				CURRENT_PROJECT_VERSION = 1;
				DEVELOPMENT_TEAM = W7VQ2PD274;
				GENERATE_INFOPLIST_FILE = YES;
				IPHONEOS_DEPLOYMENT_TARGET = 15.2;
				MARKETING_VERSION = 1.0;
				PRODUCT_BUNDLE_IDENTIFIER = Lopez.ComposableWeatherTests;
				PRODUCT_NAME = "$(TARGET_NAME)";
				SWIFT_EMIT_LOC_STRINGS = NO;
				SWIFT_VERSION = 5.0;
				TARGETED_DEVICE_FAMILY = "1,2";
				TEST_HOST = "$(BUILT_PRODUCTS_DIR)/ComposableWeather.app/ComposableWeather";
			};
			name = Debug;
		};
		BAD0731C27DD6DB5007D8AEC /* Release */ = {
			isa = XCBuildConfiguration;
			buildSettings = {
				ALWAYS_EMBED_SWIFT_STANDARD_LIBRARIES = YES;
				BUNDLE_LOADER = "$(TEST_HOST)";
				CODE_SIGN_STYLE = Automatic;
				CURRENT_PROJECT_VERSION = 1;
				DEVELOPMENT_TEAM = W7VQ2PD274;
				GENERATE_INFOPLIST_FILE = YES;
				IPHONEOS_DEPLOYMENT_TARGET = 15.2;
				MARKETING_VERSION = 1.0;
				PRODUCT_BUNDLE_IDENTIFIER = Lopez.ComposableWeatherTests;
				PRODUCT_NAME = "$(TARGET_NAME)";
				SWIFT_EMIT_LOC_STRINGS = NO;
				SWIFT_VERSION = 5.0;
				TARGETED_DEVICE_FAMILY = "1,2";
				TEST_HOST = "$(BUILT_PRODUCTS_DIR)/ComposableWeather.app/ComposableWeather";
			};
			name = Release;
		};
		BAD0731E27DD6DB5007D8AEC /* Debug */ = {
			isa = XCBuildConfiguration;
			buildSettings = {
				ALWAYS_EMBED_SWIFT_STANDARD_LIBRARIES = YES;
				CODE_SIGN_STYLE = Automatic;
				CURRENT_PROJECT_VERSION = 1;
				DEVELOPMENT_TEAM = W7VQ2PD274;
				GENERATE_INFOPLIST_FILE = YES;
				MARKETING_VERSION = 1.0;
				PRODUCT_BUNDLE_IDENTIFIER = Lopez.ComposableWeatherUITests;
				PRODUCT_NAME = "$(TARGET_NAME)";
				SWIFT_EMIT_LOC_STRINGS = NO;
				SWIFT_VERSION = 5.0;
				TARGETED_DEVICE_FAMILY = "1,2";
				TEST_TARGET_NAME = ComposableWeather;
			};
			name = Debug;
		};
		BAD0731F27DD6DB5007D8AEC /* Release */ = {
			isa = XCBuildConfiguration;
			buildSettings = {
				ALWAYS_EMBED_SWIFT_STANDARD_LIBRARIES = YES;
				CODE_SIGN_STYLE = Automatic;
				CURRENT_PROJECT_VERSION = 1;
				DEVELOPMENT_TEAM = W7VQ2PD274;
				GENERATE_INFOPLIST_FILE = YES;
				MARKETING_VERSION = 1.0;
				PRODUCT_BUNDLE_IDENTIFIER = Lopez.ComposableWeatherUITests;
				PRODUCT_NAME = "$(TARGET_NAME)";
				SWIFT_EMIT_LOC_STRINGS = NO;
				SWIFT_VERSION = 5.0;
				TARGETED_DEVICE_FAMILY = "1,2";
				TEST_TARGET_NAME = ComposableWeather;
			};
			name = Release;
		};
/* End XCBuildConfiguration section */

/* Begin XCConfigurationList section */
		BAD072EE27DD6DB3007D8AEC /* Build configuration list for PBXProject "ComposableWeather" */ = {
			isa = XCConfigurationList;
			buildConfigurations = (
				BAD0731527DD6DB5007D8AEC /* Debug */,
				BAD0731627DD6DB5007D8AEC /* Release */,
			);
			defaultConfigurationIsVisible = 0;
			defaultConfigurationName = Release;
		};
		BAD0731727DD6DB5007D8AEC /* Build configuration list for PBXNativeTarget "ComposableWeather" */ = {
			isa = XCConfigurationList;
			buildConfigurations = (
				BAD0731827DD6DB5007D8AEC /* Debug */,
				BAD0731927DD6DB5007D8AEC /* Release */,
			);
			defaultConfigurationIsVisible = 0;
			defaultConfigurationName = Release;
		};
		BAD0731A27DD6DB5007D8AEC /* Build configuration list for PBXNativeTarget "ComposableWeatherTests" */ = {
			isa = XCConfigurationList;
			buildConfigurations = (
				BAD0731B27DD6DB5007D8AEC /* Debug */,
				BAD0731C27DD6DB5007D8AEC /* Release */,
			);
			defaultConfigurationIsVisible = 0;
			defaultConfigurationName = Release;
		};
		BAD0731D27DD6DB5007D8AEC /* Build configuration list for PBXNativeTarget "ComposableWeatherUITests" */ = {
			isa = XCConfigurationList;
			buildConfigurations = (
				BAD0731E27DD6DB5007D8AEC /* Debug */,
				BAD0731F27DD6DB5007D8AEC /* Release */,
			);
			defaultConfigurationIsVisible = 0;
			defaultConfigurationName = Release;
		};
/* End XCConfigurationList section */

/* Begin XCRemoteSwiftPackageReference section */
		BAD0732027DD6E2B007D8AEC /* XCRemoteSwiftPackageReference "swift-composable-architecture" */ = {
			isa = XCRemoteSwiftPackageReference;
			repositoryURL = "https://github.com/pointfreeco/swift-composable-architecture.git";
			requirement = {
				kind = upToNextMajorVersion;
				minimumVersion = 0.9.0;
			};
		};
/* End XCRemoteSwiftPackageReference section */

/* Begin XCSwiftPackageProductDependency section */
		BAD0732127DD6E2B007D8AEC /* ComposableArchitecture */ = {
			isa = XCSwiftPackageProductDependency;
			package = BAD0732027DD6E2B007D8AEC /* XCRemoteSwiftPackageReference "swift-composable-architecture" */;
			productName = ComposableArchitecture;
		};
/* End XCSwiftPackageProductDependency section */
	};
	rootObject = BAD072EB27DD6DB3007D8AEC /* Project object */;
}
